# This file was autogenerated by Stack.
# You should not edit this file by hand.
# For more information, please see the documentation at:
#   https://docs.haskellstack.org/en/stable/lock_files

packages:
- completed:
    name: juniper
    version: 0.2.0
    git: https://github.com/seanhess/juniper.git
    pantry-tree:
      size: 2554
      sha256: d470947226c9aa57253083f6566d4f18e0cccd91cd588b4811a864a8662119f3
    commit: 22f0bde0d9f769cdd887e2c6930fb79db9d6c53c
  original:
    git: https://github.com/seanhess/juniper.git
    commit: 22f0bde0d9f769cdd887e2c6930fb79db9d6c53c
snapshots:
- completed:
    size: 587393
    url: https://raw.githubusercontent.com/commercialhaskell/stackage-snapshots/master/lts/18/25.yaml
    sha256: 1b74fb5e970497b5aefae56703f1bd44aa648bd1a5ef95c1eb8c29775087e2bf
  original:
    url: https://raw.githubusercontent.com/commercialhaskell/stackage-snapshots/master/lts/18/25.yaml
